
Microsoft Visual Studio Solution File, Format Version 12.00
# Visual Studio Version 17
VisualStudioVersion = 17.0.31903.59
MinimumVisualStudioVersion = 10.0.40219.1
Project("{2150E333-8FDC-42A3-9474-1A3956D46DE8}") = "src", "src", "{18A9C653-8878-462A-88BB-FAF7021762DF}"
EndProject
Project("{2150E333-8FDC-42A3-9474-1A3956D46DE8}") = "day-01", "day-01", "{C8A0B799-0CFD-4746-8537-40ACB134998A}"
EndProject
Project("{2150E333-8FDC-42A3-9474-1A3956D46DE8}") = "puzzle-01", "puzzle-01", "{069B98DF-B749-4881-8683-19A58BDD367C}"
EndProject
Project("{2150E333-8FDC-42A3-9474-1A3956D46DE8}") = "puzzle-02", "puzzle-02", "{6D9EB404-EDB6-4F75-94DF-5D6A484CACCF}"
EndProject
Project("{FAE04EC0-301F-11D3-BF4B-00C04F79EFBC}") = "AdventOfCode2024.Day01.Puzzle01", "src\day-01\puzzle-01\AdventOfCode2024.Day01.Puzzle01\AdventOfCode2024.Day01.Puzzle01.csproj", "{784E4183-36E0-4A7F-9676-226EB7002B64}"
EndProject
Project("{FAE04EC0-301F-11D3-BF4B-00C04F79EFBC}") = "AdventOfCode2024.Day01.Puzzle02", "src\day-01\puzzle-02\AdventOfCode2024.Day01.Puzzle02\AdventOfCode2024.Day01.Puzzle02.csproj", "{04FC2AFB-2F0C-4355-B123-592240EFDFA9}"
EndProject
Project("{2150E333-8FDC-42A3-9474-1A3956D46DE8}") = "day-02", "day-02", "{4D2D123E-F502-422A-9AAC-60C396AD3B76}"
EndProject
Project("{2150E333-8FDC-42A3-9474-1A3956D46DE8}") = "puzzle-01", "puzzle-01", "{B10DE24B-DC82-4A37-8B32-63ECE3C3CA6E}"
EndProject
Project("{FAE04EC0-301F-11D3-BF4B-00C04F79EFBC}") = "AdventOfCode2024.Day02.Puzzle01", "src\day-02\puzzle-01\AdventOfCode2024.Day02.Puzzle01\AdventOfCode2024.Day02.Puzzle01.csproj", "{34AAB192-6D24-4CD8-B8C8-70EADE007279}"
EndProject
Global
	GlobalSection(SolutionConfigurationPlatforms) = preSolution
		Debug|Any CPU = Debug|Any CPU
		Release|Any CPU = Release|Any CPU
	EndGlobalSection
	GlobalSection(ProjectConfigurationPlatforms) = postSolution
		{784E4183-36E0-4A7F-9676-226EB7002B64}.Debug|Any CPU.ActiveCfg = Debug|Any CPU
		{784E4183-36E0-4A7F-9676-226EB7002B64}.Debug|Any CPU.Build.0 = Debug|Any CPU
		{784E4183-36E0-4A7F-9676-226EB7002B64}.Release|Any CPU.ActiveCfg = Release|Any CPU
		{784E4183-36E0-4A7F-9676-226EB7002B64}.Release|Any CPU.Build.0 = Release|Any CPU
		{04FC2AFB-2F0C-4355-B123-592240EFDFA9}.Debug|Any CPU.ActiveCfg = Debug|Any CPU
		{04FC2AFB-2F0C-4355-B123-592240EFDFA9}.Debug|Any CPU.Build.0 = Debug|Any CPU
		{04FC2AFB-2F0C-4355-B123-592240EFDFA9}.Release|Any CPU.ActiveCfg = Release|Any CPU
		{04FC2AFB-2F0C-4355-B123-592240EFDFA9}.Release|Any CPU.Build.0 = Release|Any CPU
		{34AAB192-6D24-4CD8-B8C8-70EADE007279}.Debug|Any CPU.ActiveCfg = Debug|Any CPU
		{34AAB192-6D24-4CD8-B8C8-70EADE007279}.Debug|Any CPU.Build.0 = Debug|Any CPU
		{34AAB192-6D24-4CD8-B8C8-70EADE007279}.Release|Any CPU.ActiveCfg = Release|Any CPU
		{34AAB192-6D24-4CD8-B8C8-70EADE007279}.Release|Any CPU.Build.0 = Release|Any CPU
	EndGlobalSection
	GlobalSection(SolutionProperties) = preSolution
		HideSolutionNode = FALSE
	EndGlobalSection
	GlobalSection(NestedProjects) = preSolution
		{C8A0B799-0CFD-4746-8537-40ACB134998A} = {18A9C653-8878-462A-88BB-FAF7021762DF}
		{069B98DF-B749-4881-8683-19A58BDD367C} = {C8A0B799-0CFD-4746-8537-40ACB134998A}
		{6D9EB404-EDB6-4F75-94DF-5D6A484CACCF} = {C8A0B799-0CFD-4746-8537-40ACB134998A}
		{784E4183-36E0-4A7F-9676-226EB7002B64} = {069B98DF-B749-4881-8683-19A58BDD367C}
		{04FC2AFB-2F0C-4355-B123-592240EFDFA9} = {6D9EB404-EDB6-4F75-94DF-5D6A484CACCF}
		{4D2D123E-F502-422A-9AAC-60C396AD3B76} = {18A9C653-8878-462A-88BB-FAF7021762DF}
		{B10DE24B-DC82-4A37-8B32-63ECE3C3CA6E} = {4D2D123E-F502-422A-9AAC-60C396AD3B76}
		{34AAB192-6D24-4CD8-B8C8-70EADE007279} = {B10DE24B-DC82-4A37-8B32-63ECE3C3CA6E}
	EndGlobalSection
EndGlobal
